
Microsoft Visual Studio Solution File, Format Version 12.00
# Visual Studio Version 17
VisualStudioVersion = 17.9.34701.34
MinimumVisualStudioVersion = 10.0.40219.1
Project("{8BC9CEB8-8B4A-11D0-8D11-00A0C91BC942}") = "memberlistinis", "memberlistinis\memberlistinis.vcxproj", "{4BE71C0E-CB33-4E75-9CE3-BD3BEAA251B7}"
EndProject
Global
	GlobalSection(SolutionConfigurationPlatforms) = preSolution
		Debug|x64 = Debug|x64
		Debug|x86 = Debug|x86
		Release|x64 = Release|x64
		Release|x86 = Release|x86
	EndGlobalSection
	GlobalSection(ProjectConfigurationPlatforms) = postSolution
		{4BE71C0E-CB33-4E75-9CE3-BD3BEAA251B7}.Debug|x64.ActiveCfg = Debug|x64
		{4BE71C0E-CB33-4E75-9CE3-BD3BEAA251B7}.Debug|x64.Build.0 = Debug|x64
		{4BE71C0E-CB33-4E75-9CE3-BD3BEAA251B7}.Debug|x86.ActiveCfg = Debug|Win32
		{4BE71C0E-CB33-4E75-9CE3-BD3BEAA251B7}.Debug|x86.Build.0 = Debug|Win32
		{4BE71C0E-CB33-4E75-9CE3-BD3BEAA251B7}.Release|x64.ActiveCfg = Release|x64
		{4BE71C0E-CB33-4E75-9CE3-BD3BEAA251B7}.Release|x64.Build.0 = Release|x64
		{4BE71C0E-CB33-4E75-9CE3-BD3BEAA251B7}.Release|x86.ActiveCfg = Release|Win32
		{4BE71C0E-CB33-4E75-9CE3-BD3BEAA251B7}.Release|x86.Build.0 = Release|Win32
	EndGlobalSection
	GlobalSection(SolutionProperties) = preSolution
		HideSolutionNode = FALSE
	EndGlobalSection
	GlobalSection(ExtensibilityGlobals) = postSolution
		SolutionGuid = {B49152C5-2FEF-4404-9A1E-BF53678D274B}
	EndGlobalSection
EndGlobal
